
Microsoft Visual Studio Solution File, Format Version 12.00
# Visual Studio Version 17
VisualStudioVersion = 17.10.35013.160
MinimumVisualStudioVersion = 10.0.40219.1
Project("{FAE04EC0-301F-11D3-BF4B-00C04F79EFBC}") = "PracticaBackend", "PracticaBackend\PracticaBackend.csproj", "{1D0BBACA-6DD9-4F5E-9828-7495AC40E17C}"
EndProject
Global
	GlobalSection(SolutionConfigurationPlatforms) = preSolution
		Debug|Any CPU = Debug|Any CPU
		Release|Any CPU = Release|Any CPU
	EndGlobalSection
	GlobalSection(ProjectConfigurationPlatforms) = postSolution
		{1D0BBACA-6DD9-4F5E-9828-7495AC40E17C}.Debug|Any CPU.ActiveCfg = Debug|Any CPU
		{1D0BBACA-6DD9-4F5E-9828-7495AC40E17C}.Debug|Any CPU.Build.0 = Debug|Any CPU
		{1D0BBACA-6DD9-4F5E-9828-7495AC40E17C}.Release|Any CPU.ActiveCfg = Release|Any CPU
		{1D0BBACA-6DD9-4F5E-9828-7495AC40E17C}.Release|Any CPU.Build.0 = Release|Any CPU
	EndGlobalSection
	GlobalSection(SolutionProperties) = preSolution
		HideSolutionNode = FALSE
	EndGlobalSection
	GlobalSection(ExtensibilityGlobals) = postSolution
		SolutionGuid = {6FAAAC38-6DEE-4C91-A10B-88180F20E9DF}
	EndGlobalSection
EndGlobal
